
Microsoft Visual Studio Solution File, Format Version 12.00
# Visual Studio Version 17
VisualStudioVersion = 17.14.36109.1 d17.14
MinimumVisualStudioVersion = 10.0.40219.1
Project("{FAE04EC0-301F-11D3-BF4B-00C04F79EFBC}") = "Presentation", "Presentation\Presentation.csproj", "{2CD54F4E-9CF2-4CB6-B6DA-C7211547E807}"
EndProject
Global
	GlobalSection(SolutionConfigurationPlatforms) = preSolution
		Debug|Any CPU = Debug|Any CPU
		Release|Any CPU = Release|Any CPU
	EndGlobalSection
	GlobalSection(ProjectConfigurationPlatforms) = postSolution
		{2CD54F4E-9CF2-4CB6-B6DA-C7211547E807}.Debug|Any CPU.ActiveCfg = Debug|Any CPU
		{2CD54F4E-9CF2-4CB6-B6DA-C7211547E807}.Debug|Any CPU.Build.0 = Debug|Any CPU
		{2CD54F4E-9CF2-4CB6-B6DA-C7211547E807}.Release|Any CPU.ActiveCfg = Release|Any CPU
		{2CD54F4E-9CF2-4CB6-B6DA-C7211547E807}.Release|Any CPU.Build.0 = Release|Any CPU
	EndGlobalSection
	GlobalSection(SolutionProperties) = preSolution
		HideSolutionNode = FALSE
	EndGlobalSection
	GlobalSection(ExtensibilityGlobals) = postSolution
		SolutionGuid = {8A6E55F3-A60A-4199-BB87-FE4211AAA4B7}
	EndGlobalSection
EndGlobal
